
Microsoft Visual Studio Solution File, Format Version 12.00
# Visual Studio 15
VisualStudioVersion = 15.0.27428.2037
MinimumVisualStudioVersion = 10.0.40219.1
Project("{FAE04EC0-301F-11D3-BF4B-00C04F79EFBC}") = "AjaxDemo", "AjaxDemo\AjaxDemo.csproj", "{50682B8B-69CD-4D33-A140-FDC0926B47CC}"
EndProject
Global
	GlobalSection(SolutionConfigurationPlatforms) = preSolution
		Debug|Any CPU = Debug|Any CPU
		Release|Any CPU = Release|Any CPU
	EndGlobalSection
	GlobalSection(ProjectConfigurationPlatforms) = postSolution
		{50682B8B-69CD-4D33-A140-FDC0926B47CC}.Debug|Any CPU.ActiveCfg = Debug|Any CPU
		{50682B8B-69CD-4D33-A140-FDC0926B47CC}.Debug|Any CPU.Build.0 = Debug|Any CPU
		{50682B8B-69CD-4D33-A140-FDC0926B47CC}.Release|Any CPU.ActiveCfg = Release|Any CPU
		{50682B8B-69CD-4D33-A140-FDC0926B47CC}.Release|Any CPU.Build.0 = Release|Any CPU
	EndGlobalSection
	GlobalSection(SolutionProperties) = preSolution
		HideSolutionNode = FALSE
	EndGlobalSection
	GlobalSection(ExtensibilityGlobals) = postSolution
		SolutionGuid = {1AFDBF8D-3601-4A70-BD19-6E857A1A7A36}
	EndGlobalSection
EndGlobal
